
Microsoft Visual Studio Solution File, Format Version 12.00
# Visual Studio 14
VisualStudioVersion = 14.0.24720.0
MinimumVisualStudioVersion = 10.0.40219.1
Project("{FAE04EC0-301F-11D3-BF4B-00C04F79EFBC}") = "TinyPlyNet", "TinyPlyNet\TinyPlyNet.csproj", "{C9F19C74-1770-49D3-928F-F7B4E79196E9}"
EndProject
Project("{FAE04EC0-301F-11D3-BF4B-00C04F79EFBC}") = "TinyPlyNet.Example", "TinyPlyNet.Example\TinyPlyNet.Example.csproj", "{BF627B7A-2E6E-4954-90E0-69B3E282FE17}"
EndProject
Global
	GlobalSection(SolutionConfigurationPlatforms) = preSolution
		Debug|Any CPU = Debug|Any CPU
		Release|Any CPU = Release|Any CPU
	EndGlobalSection
	GlobalSection(ProjectConfigurationPlatforms) = postSolution
		{C9F19C74-1770-49D3-928F-F7B4E79196E9}.Debug|Any CPU.ActiveCfg = Debug|Any CPU
		{C9F19C74-1770-49D3-928F-F7B4E79196E9}.Debug|Any CPU.Build.0 = Debug|Any CPU
		{C9F19C74-1770-49D3-928F-F7B4E79196E9}.Release|Any CPU.ActiveCfg = Release|Any CPU
		{C9F19C74-1770-49D3-928F-F7B4E79196E9}.Release|Any CPU.Build.0 = Release|Any CPU
		{BF627B7A-2E6E-4954-90E0-69B3E282FE17}.Debug|Any CPU.ActiveCfg = Debug|Any CPU
		{BF627B7A-2E6E-4954-90E0-69B3E282FE17}.Debug|Any CPU.Build.0 = Debug|Any CPU
		{BF627B7A-2E6E-4954-90E0-69B3E282FE17}.Release|Any CPU.ActiveCfg = Release|Any CPU
		{BF627B7A-2E6E-4954-90E0-69B3E282FE17}.Release|Any CPU.Build.0 = Release|Any CPU
	EndGlobalSection
	GlobalSection(SolutionProperties) = preSolution
		HideSolutionNode = FALSE
	EndGlobalSection
EndGlobal
